
Microsoft Visual Studio Solution File, Format Version 12.00
# Visual Studio Version 16
VisualStudioVersion = 16.0.30611.23
MinimumVisualStudioVersion = 10.0.40219.1
Project("{FAE04EC0-301F-11D3-BF4B-00C04F79EFBC}") = "DPSDP_Projet_Monopoly", "DPSDP_Projet_Monopoly\DPSDP_Projet_Monopoly.csproj", "{A3CC5EFD-0D79-450D-B662-F70A89579A06}"
EndProject
Project("{FAE04EC0-301F-11D3-BF4B-00C04F79EFBC}") = "UnitTestMonopoly", "UnitTestMonopoly\UnitTestMonopoly.csproj", "{66937D2A-37C1-4B1D-BE42-4F03EC088FF0}"
EndProject
Global
	GlobalSection(SolutionConfigurationPlatforms) = preSolution
		Debug|Any CPU = Debug|Any CPU
		Release|Any CPU = Release|Any CPU
	EndGlobalSection
	GlobalSection(ProjectConfigurationPlatforms) = postSolution
		{A3CC5EFD-0D79-450D-B662-F70A89579A06}.Debug|Any CPU.ActiveCfg = Debug|Any CPU
		{A3CC5EFD-0D79-450D-B662-F70A89579A06}.Debug|Any CPU.Build.0 = Debug|Any CPU
		{A3CC5EFD-0D79-450D-B662-F70A89579A06}.Release|Any CPU.ActiveCfg = Release|Any CPU
		{A3CC5EFD-0D79-450D-B662-F70A89579A06}.Release|Any CPU.Build.0 = Release|Any CPU
		{66937D2A-37C1-4B1D-BE42-4F03EC088FF0}.Debug|Any CPU.ActiveCfg = Debug|Any CPU
		{66937D2A-37C1-4B1D-BE42-4F03EC088FF0}.Debug|Any CPU.Build.0 = Debug|Any CPU
		{66937D2A-37C1-4B1D-BE42-4F03EC088FF0}.Release|Any CPU.ActiveCfg = Release|Any CPU
		{66937D2A-37C1-4B1D-BE42-4F03EC088FF0}.Release|Any CPU.Build.0 = Release|Any CPU
	EndGlobalSection
	GlobalSection(SolutionProperties) = preSolution
		HideSolutionNode = FALSE
	EndGlobalSection
	GlobalSection(ExtensibilityGlobals) = postSolution
		SolutionGuid = {A552E4FA-203F-437D-A3EA-C91503811195}
	EndGlobalSection
EndGlobal
